// !$*UTF8*$!
{
	archiveVersion = 1;
	classes = {
	};
	objectVersion = 46;
	objects = {

/* Begin PBXBuildFile section */
		5A8BE4D91A2F331700B62D0D /* Foundation.framework in Frameworks */ = {isa = PBXBuildFile; fileRef = 5A8BE4D81A2F331700B62D0D /* Foundation.framework */; };
		5A8BE4DB1A2F331700B62D0D /* CoreGraphics.framework in Frameworks */ = {isa = PBXBuildFile; fileRef = 5A8BE4DA1A2F331700B62D0D /* CoreGraphics.framework */; };
		5A8BE4DD1A2F331700B62D0D /* UIKit.framework in Frameworks */ = {isa = PBXBuildFile; fileRef = 5A8BE4DC1A2F331700B62D0D /* UIKit.framework */; };
		5A8BE4E31A2F331700B62D0D /* InfoPlist.strings in Resources */ = {isa = PBXBuildFile; fileRef = 5A8BE4E11A2F331700B62D0D /* InfoPlist.strings */; };
		5A8BE4E51A2F331700B62D0D /* main.m in Sources */ = {isa = PBXBuildFile; fileRef = 5A8BE4E41A2F331700B62D0D /* main.m */; };
		5A8BE4E91A2F331700B62D0D /* YGCAppDelegate.m in Sources */ = {isa = PBXBuildFile; fileRef = 5A8BE4E81A2F331700B62D0D /* YGCAppDelegate.m */; };
		5A8BE4EC1A2F331700B62D0D /* Main.storyboard in Resources */ = {isa = PBXBuildFile; fileRef = 5A8BE4EA1A2F331700B62D0D /* Main.storyboard */; };
		5A8BE4EF1A2F331700B62D0D /* YGCViewController.m in Sources */ = {isa = PBXBuildFile; fileRef = 5A8BE4EE1A2F331700B62D0D /* YGCViewController.m */; };
		5A8BE4F11A2F331700B62D0D /* Images.xcassets in Resources */ = {isa = PBXBuildFile; fileRef = 5A8BE4F01A2F331700B62D0D /* Images.xcassets */; };
		5A8BE4F81A2F331700B62D0D /* XCTest.framework in Frameworks */ = {isa = PBXBuildFile; fileRef = 5A8BE4F71A2F331700B62D0D /* XCTest.framework */; };
		5A8BE4F91A2F331700B62D0D /* Foundation.framework in Frameworks */ = {isa = PBXBuildFile; fileRef = 5A8BE4D81A2F331700B62D0D /* Foundation.framework */; };
		5A8BE4FA1A2F331700B62D0D /* UIKit.framework in Frameworks */ = {isa = PBXBuildFile; fileRef = 5A8BE4DC1A2F331700B62D0D /* UIKit.framework */; };
		5A8BE5021A2F331700B62D0D /* InfoPlist.strings in Resources */ = {isa = PBXBuildFile; fileRef = 5A8BE5001A2F331700B62D0D /* InfoPlist.strings */; };
		5A8BE5041A2F331700B62D0D /* LotteryTests.m in Sources */ = {isa = PBXBuildFile; fileRef = 5A8BE5031A2F331700B62D0D /* LotteryTests.m */; };
/* End PBXBuildFile section */

/* Begin PBXContainerItemProxy section */
		5A8BE4FB1A2F331700B62D0D /* PBXContainerItemProxy */ = {
			isa = PBXContainerItemProxy;
			containerPortal = 5A8BE4CD1A2F331700B62D0D /* Project object */;
			proxyType = 1;
			remoteGlobalIDString = 5A8BE4D41A2F331700B62D0D;
			remoteInfo = Lottery;
		};
/* End PBXContainerItemProxy section */

/* Begin PBXFileReference section */
		5A8BE4D51A2F331700B62D0D /* Lottery.app */ = {isa = PBXFileReference; explicitFileType = wrapper.application; includeInIndex = 0; path = Lottery.app; sourceTree = BUILT_PRODUCTS_DIR; };
		5A8BE4D81A2F331700B62D0D /* Foundation.framework */ = {isa = PBXFileReference; lastKnownFileType = wrapper.framework; name = Foundation.framework; path = System/Library/Frameworks/Foundation.framework; sourceTree = SDKROOT; };
		5A8BE4DA1A2F331700B62D0D /* CoreGraphics.framework */ = {isa = PBXFileReference; lastKnownFileType = wrapper.framework; name = CoreGraphics.framework; path = System/Library/Frameworks/CoreGraphics.framework; sourceTree = SDKROOT; };
		5A8BE4DC1A2F331700B62D0D /* UIKit.framework */ = {isa = PBXFileReference; lastKnownFileType = wrapper.framework; name = UIKit.framework; path = System/Library/Frameworks/UIKit.framework; sourceTree = SDKROOT; };
		5A8BE4E01A2F331700B62D0D /* Lottery-Info.plist */ = {isa = PBXFileReference; lastKnownFileType = text.plist.xml; path = "Lottery-Info.plist"; sourceTree = "<group>"; };
		5A8BE4E21A2F331700B62D0D /* en */ = {isa = PBXFileReference; lastKnownFileType = text.plist.strings; name = en; path = en.lproj/InfoPlist.strings; sourceTree = "<group>"; };
		5A8BE4E41A2F331700B62D0D /* main.m */ = {isa = PBXFileReference; lastKnownFileType = sourcecode.c.objc; path = main.m; sourceTree = "<group>"; };
		5A8BE4E61A2F331700B62D0D /* Lottery-Prefix.pch */ = {isa = PBXFileReference; lastKnownFileType = sourcecode.c.h; path = "Lottery-Prefix.pch"; sourceTree = "<group>"; };
		5A8BE4E71A2F331700B62D0D /* YGCAppDelegate.h */ = {isa = PBXFileReference; lastKnownFileType = sourcecode.c.h; path = YGCAppDelegate.h; sourceTree = "<group>"; };
		5A8BE4E81A2F331700B62D0D /* YGCAppDelegate.m */ = {isa = PBXFileReference; lastKnownFileType = sourcecode.c.objc; path = YGCAppDelegate.m; sourceTree = "<group>"; };
		5A8BE4EB1A2F331700B62D0D /* Base */ = {isa = PBXFileReference; lastKnownFileType = file.storyboard; name = Base; path = Base.lproj/Main.storyboard; sourceTree = "<group>"; };
		5A8BE4ED1A2F331700B62D0D /* YGCViewController.h */ = {isa = PBXFileReference; lastKnownFileType = sourcecode.c.h; path = YGCViewController.h; sourceTree = "<group>"; };
		5A8BE4EE1A2F331700B62D0D /* YGCViewController.m */ = {isa = PBXFileReference; lastKnownFileType = sourcecode.c.objc; path = YGCViewController.m; sourceTree = "<group>"; };
		5A8BE4F01A2F331700B62D0D /* Images.xcassets */ = {isa = PBXFileReference; lastKnownFileType = folder.assetcatalog; path = Images.xcassets; sourceTree = "<group>"; };
		5A8BE4F61A2F331700B62D0D /* LotteryTests.xctest */ = {isa = PBXFileReference; explicitFileType = wrapper.cfbundle; includeInIndex = 0; path = LotteryTests.xctest; sourceTree = BUILT_PRODUCTS_DIR; };
		5A8BE4F71A2F331700B62D0D /* XCTest.framework */ = {isa = PBXFileReference; lastKnownFileType = wrapper.framework; name = XCTest.framework; path = Library/Frameworks/XCTest.framework; sourceTree = DEVELOPER_DIR; };
		5A8BE4FF1A2F331700B62D0D /* LotteryTests-Info.plist */ = {isa = PBXFileReference; lastKnownFileType = text.plist.xml; path = "LotteryTests-Info.plist"; sourceTree = "<group>"; };
		5A8BE5011A2F331700B62D0D /* en */ = {isa = PBXFileReference; lastKnownFileType = text.plist.strings; name = en; path = en.lproj/InfoPlist.strings; sourceTree = "<group>"; };
		5A8BE5031A2F331700B62D0D /* LotteryTests.m */ = {isa = PBXFileReference; lastKnownFileType = sourcecode.c.objc; path = LotteryTests.m; sourceTree = "<group>"; };
/* End PBXFileReference section */

/* Begin PBXFrameworksBuildPhase section */
		5A8BE4D21A2F331700B62D0D /* Frameworks */ = {
			isa = PBXFrameworksBuildPhase;
			buildActionMask = 2147483647;
			files = (
				5A8BE4DB1A2F331700B62D0D /* CoreGraphics.framework in Frameworks */,
				5A8BE4DD1A2F331700B62D0D /* UIKit.framework in Frameworks */,
				5A8BE4D91A2F331700B62D0D /* Foundation.framework in Frameworks */,
			);
			runOnlyForDeploymentPostprocessing = 0;
		};
		5A8BE4F31A2F331700B62D0D /* Frameworks */ = {
			isa = PBXFrameworksBuildPhase;
			buildActionMask = 2147483647;
			files = (
				5A8BE4F81A2F331700B62D0D /* XCTest.framework in Frameworks */,
				5A8BE4FA1A2F331700B62D0D /* UIKit.framework in Frameworks */,
				5A8BE4F91A2F331700B62D0D /* Foundation.framework in Frameworks */,
			);
			runOnlyForDeploymentPostprocessing = 0;
		};
/* End PBXFrameworksBuildPhase section */

/* Begin PBXGroup section */
		5A8BE4CC1A2F331700B62D0D = {
			isa = PBXGroup;
			children = (
				5A8BE4DE1A2F331700B62D0D /* Lottery */,
				5A8BE4FD1A2F331700B62D0D /* LotteryTests */,
				5A8BE4D71A2F331700B62D0D /* Frameworks */,
				5A8BE4D61A2F331700B62D0D /* Products */,
			);
			sourceTree = "<group>";
		};
		5A8BE4D61A2F331700B62D0D /* Products */ = {
			isa = PBXGroup;
			children = (
				5A8BE4D51A2F331700B62D0D /* Lottery.app */,
				5A8BE4F61A2F331700B62D0D /* LotteryTests.xctest */,
			);
			name = Products;
			sourceTree = "<group>";
		};
		5A8BE4D71A2F331700B62D0D /* Frameworks */ = {
			isa = PBXGroup;
			children = (
				5A8BE4D81A2F331700B62D0D /* Foundation.framework */,
				5A8BE4DA1A2F331700B62D0D /* CoreGraphics.framework */,
				5A8BE4DC1A2F331700B62D0D /* UIKit.framework */,
				5A8BE4F71A2F331700B62D0D /* XCTest.framework */,
			);
			name = Frameworks;
			sourceTree = "<group>";
		};
		5A8BE4DE1A2F331700B62D0D /* Lottery */ = {
			isa = PBXGroup;
			children = (
				5A8BE4E71A2F331700B62D0D /* YGCAppDelegate.h */,
				5A8BE4E81A2F331700B62D0D /* YGCAppDelegate.m */,
				5A8BE4EA1A2F331700B62D0D /* Main.storyboard */,
				5A8BE4ED1A2F331700B62D0D /* YGCViewController.h */,
				5A8BE4EE1A2F331700B62D0D /* YGCViewController.m */,
				5A8BE4F01A2F331700B62D0D /* Images.xcassets */,
				5A8BE4DF1A2F331700B62D0D /* Supporting Files */,
			);
			path = Lottery;
			sourceTree = "<group>";
		};
		5A8BE4DF1A2F331700B62D0D /* Supporting Files */ = {
			isa = PBXGroup;
			children = (
				5A8BE4E01A2F331700B62D0D /* Lottery-Info.plist */,
				5A8BE4E11A2F331700B62D0D /* InfoPlist.strings */,
				5A8BE4E41A2F331700B62D0D /* main.m */,
				5A8BE4E61A2F331700B62D0D /* Lottery-Prefix.pch */,
			);
			name = "Supporting Files";
			sourceTree = "<group>";
		};
		5A8BE4FD1A2F331700B62D0D /* LotteryTests */ = {
			isa = PBXGroup;
			children = (
				5A8BE5031A2F331700B62D0D /* LotteryTests.m */,
				5A8BE4FE1A2F331700B62D0D /* Supporting Files */,
			);
			path = LotteryTests;
			sourceTree = "<group>";
		};
		5A8BE4FE1A2F331700B62D0D /* Supporting Files */ = {
			isa = PBXGroup;
			children = (
				5A8BE4FF1A2F331700B62D0D /* LotteryTests-Info.plist */,
				5A8BE5001A2F331700B62D0D /* InfoPlist.strings */,
			);
			name = "Supporting Files";
			sourceTree = "<group>";
		};
/* End PBXGroup section */

/* Begin PBXNativeTarget section */
		5A8BE4D41A2F331700B62D0D /* Lottery */ = {
			isa = PBXNativeTarget;
			buildConfigurationList = 5A8BE5071A2F331700B62D0D /* Build configuration list for PBXNativeTarget "Lottery" */;
			buildPhases = (
				5A8BE4D11A2F331700B62D0D /* Sources */,
				5A8BE4D21A2F331700B62D0D /* Frameworks */,
				5A8BE4D31A2F331700B62D0D /* Resources */,
			);
			buildRules = (
			);
			dependencies = (
			);
			name = Lottery;
			productName = Lottery;
			productReference = 5A8BE4D51A2F331700B62D0D /* Lottery.app */;
			productType = "com.apple.product-type.application";
		};
		5A8BE4F51A2F331700B62D0D /* LotteryTests */ = {
			isa = PBXNativeTarget;
			buildConfigurationList = 5A8BE50A1A2F331700B62D0D /* Build configuration list for PBXNativeTarget "LotteryTests" */;
			buildPhases = (
				5A8BE4F21A2F331700B62D0D /* Sources */,
				5A8BE4F31A2F331700B62D0D /* Frameworks */,
				5A8BE4F41A2F331700B62D0D /* Resources */,
			);
			buildRules = (
			);
			dependencies = (
				5A8BE4FC1A2F331700B62D0D /* PBXTargetDependency */,
			);
			name = LotteryTests;
			productName = LotteryTests;
			productReference = 5A8BE4F61A2F331700B62D0D /* LotteryTests.xctest */;
			productType = "com.apple.product-type.bundle.unit-test";
		};
/* End PBXNativeTarget section */

/* Begin PBXProject section */
		5A8BE4CD1A2F331700B62D0D /* Project object */ = {
			isa = PBXProject;
			attributes = {
				CLASSPREFIX = YGC;
				LastUpgradeCheck = 0510;
				ORGANIZATIONNAME = "___FULLUSERNAME___";
				TargetAttributes = {
					5A8BE4F51A2F331700B62D0D = {
						TestTargetID = 5A8BE4D41A2F331700B62D0D;
					};
				};
			};
			buildConfigurationList = 5A8BE4D01A2F331700B62D0D /* Build configuration list for PBXProject "Lottery" */;
			compatibilityVersion = "Xcode 3.2";
			developmentRegion = English;
			hasScannedForEncodings = 0;
			knownRegions = (
				en,
				Base,
			);
			mainGroup = 5A8BE4CC1A2F331700B62D0D;
			productRefGroup = 5A8BE4D61A2F331700B62D0D /* Products */;
			projectDirPath = "";
			projectRoot = "";
			targets = (
				5A8BE4D41A2F331700B62D0D /* Lottery */,
				5A8BE4F51A2F331700B62D0D /* LotteryTests */,
			);
		};
/* End PBXProject section */

/* Begin PBXResourcesBuildPhase section */
		5A8BE4D31A2F331700B62D0D /* Resources */ = {
			isa = PBXResourcesBuildPhase;
			buildActionMask = 2147483647;
			files = (
				5A8BE4F11A2F331700B62D0D /* Images.xcassets in Resources */,
				5A8BE4E31A2F331700B62D0D /* InfoPlist.strings in Resources */,
				5A8BE4EC1A2F331700B62D0D /* Main.storyboard in Resources */,
			);
			runOnlyForDeploymentPostprocessing = 0;
		};
		5A8BE4F41A2F331700B62D0D /* Resources */ = {
			isa = PBXResourcesBuildPhase;
			buildActionMask = 2147483647;
			files = (
				5A8BE5021A2F331700B62D0D /* InfoPlist.strings in Resources */,
			);
			runOnlyForDeploymentPostprocessing = 0;
		};
/* End PBXResourcesBuildPhase section */

/* Begin PBXSourcesBuildPhase section */
		5A8BE4D11A2F331700B62D0D /* Sources */ = {
			isa = PBXSourcesBuildPhase;
			buildActionMask = 2147483647;
			files = (
				5A8BE4E91A2F331700B62D0D /* YGCAppDelegate.m in Sources */,
				5A8BE4E51A2F331700B62D0D /* main.m in Sources */,
				5A8BE4EF1A2F331700B62D0D /* YGCViewController.m in Sources */,
			);
			runOnlyForDeploymentPostprocessing = 0;
		};
		5A8BE4F21A2F331700B62D0D /* Sources */ = {
			isa = PBXSourcesBuildPhase;
			buildActionMask = 2147483647;
			files = (
				5A8BE5041A2F331700B62D0D /* LotteryTests.m in Sources */,
			);
			runOnlyForDeploymentPostprocessing = 0;
		};
/* End PBXSourcesBuildPhase section */

/* Begin PBXTargetDependency section */
		5A8BE4FC1A2F331700B62D0D /* PBXTargetDependency */ = {
			isa = PBXTargetDependency;
			target = 5A8BE4D41A2F331700B62D0D /* Lottery */;
			targetProxy = 5A8BE4FB1A2F331700B62D0D /* PBXContainerItemProxy */;
		};
/* End PBXTargetDependency section */

/* Begin PBXVariantGroup section */
		5A8BE4E11A2F331700B62D0D /* InfoPlist.strings */ = {
			isa = PBXVariantGroup;
			children = (
				5A8BE4E21A2F331700B62D0D /* en */,
			);
			name = InfoPlist.strings;
			sourceTree = "<group>";
		};
		5A8BE4EA1A2F331700B62D0D /* Main.storyboard */ = {
			isa = PBXVariantGroup;
			children = (
				5A8BE4EB1A2F331700B62D0D /* Base */,
			);
			name = Main.storyboard;
			sourceTree = "<group>";
		};
		5A8BE5001A2F331700B62D0D /* InfoPlist.strings */ = {
			isa = PBXVariantGroup;
			children = (
				5A8BE5011A2F331700B62D0D /* en */,
			);
			name = InfoPlist.strings;
			sourceTree = "<group>";
		};
/* End PBXVariantGroup section */

/* Begin XCBuildConfiguration section */
		5A8BE5051A2F331700B62D0D /* Debug */ = {
			isa = XCBuildConfiguration;
			buildSettings = {
				ALWAYS_SEARCH_USER_PATHS = NO;
				CLANG_CXX_LANGUAGE_STANDARD = "gnu++0x";
				CLANG_CXX_LIBRARY = "libc++";
				CLANG_ENABLE_MODULES = YES;
				CLANG_ENABLE_OBJC_ARC = YES;
				CLANG_WARN_BOOL_CONVERSION = YES;
				CLANG_WARN_CONSTANT_CONVERSION = YES;
				CLANG_WARN_DIRECT_OBJC_ISA_USAGE = YES_ERROR;
				CLANG_WARN_EMPTY_BODY = YES;
				CLANG_WARN_ENUM_CONVERSION = YES;
				CLANG_WARN_INT_CONVERSION = YES;
				CLANG_WARN_OBJC_ROOT_CLASS = YES_ERROR;
				CLANG_WARN__DUPLICATE_METHOD_MATCH = YES;
				"CODE_SIGN_IDENTITY[sdk=iphoneos*]" = "iPhone Developer";
				COPY_PHASE_STRIP = NO;
				GCC_C_LANGUAGE_STANDARD = gnu99;
				GCC_DYNAMIC_NO_PIC = NO;
				GCC_OPTIMIZATION_LEVEL = 0;
				GCC_PREPROCESSOR_DEFINITIONS = (
					"DEBUG=1",
					"$(inherited)",
				);
				GCC_SYMBOLS_PRIVATE_EXTERN = NO;
				GCC_WARN_64_TO_32_BIT_CONVERSION = YES;
				GCC_WARN_ABOUT_RETURN_TYPE = YES_ERROR;
				GCC_WARN_UNDECLARED_SELECTOR = YES;
				GCC_WARN_UNINITIALIZED_AUTOS = YES_AGGRESSIVE;
				GCC_WARN_UNUSED_FUNCTION = YES;
				GCC_WARN_UNUSED_VARIABLE = YES;
				IPHONEOS_DEPLOYMENT_TARGET = 7.1;
				ONLY_ACTIVE_ARCH = YES;
				SDKROOT = iphoneos;
			};
			name = Debug;
		};
		5A8BE5061A2F331700B62D0D /* Release */ = {
			isa = XCBuildConfiguration;
			buildSettings = {
				ALWAYS_SEARCH_USER_PATHS = NO;
				CLANG_CXX_LANGUAGE_STANDARD = "gnu++0x";
				CLANG_CXX_LIBRARY = "libc++";
				CLANG_ENABLE_MODULES = YES;
				CLANG_ENABLE_OBJC_ARC = YES;
				CLANG_WARN_BOOL_CONVERSION = YES;
				CLANG_WARN_CONSTANT_CONVERSION = YES;
				CLANG_WARN_DIRECT_OBJC_ISA_USAGE = YES_ERROR;
				CLANG_WARN_EMPTY_BODY = YES;
				CLANG_WARN_ENUM_CONVERSION = YES;
				CLANG_WARN_INT_CONVERSION = YES;
				CLANG_WARN_OBJC_ROOT_CLASS = YES_ERROR;
				CLANG_WARN__DUPLICATE_METHOD_MATCH = YES;
				"CODE_SIGN_IDENTITY[sdk=iphoneos*]" = "iPhone Developer";
				COPY_PHASE_STRIP = YES;
				ENABLE_NS_ASSERTIONS = NO;
				GCC_C_LANGUAGE_STANDARD = gnu99;
				GCC_WARN_64_TO_32_BIT_CONVERSION = YES;
				GCC_WARN_ABOUT_RETURN_TYPE = YES_ERROR;
				GCC_WARN_UNDECLARED_SELECTOR = YES;
				GCC_WARN_UNINITIALIZED_AUTOS = YES_AGGRESSIVE;
				GCC_WARN_UNUSED_FUNCTION = YES;
				GCC_WARN_UNUSED_VARIABLE = YES;
				IPHONEOS_DEPLOYMENT_TARGET = 7.1;
				SDKROOT = iphoneos;
				VALIDATE_PRODUCT = YES;
			};
			name = Release;
		};
		5A8BE5081A2F331700B62D0D /* Debug */ = {
			isa = XCBuildConfiguration;
			buildSettings = {
				ASSETCATALOG_COMPILER_APPICON_NAME = AppIcon;
				ASSETCATALOG_COMPILER_LAUNCHIMAGE_NAME = LaunchImage;
				GCC_PRECOMPILE_PREFIX_HEADER = YES;
				GCC_PREFIX_HEADER = "Lottery/Lottery-Prefix.pch";
				INFOPLIST_FILE = "Lottery/Lottery-Info.plist";
				PRODUCT_NAME = "$(TARGET_NAME)";
				WRAPPER_EXTENSION = app;
			};
			name = Debug;
		};
		5A8BE5091A2F331700B62D0D /* Release */ = {
			isa = XCBuildConfiguration;
			buildSettings = {
				ASSETCATALOG_COMPILER_APPICON_NAME = AppIcon;
				ASSETCATALOG_COMPILER_LAUNCHIMAGE_NAME = LaunchImage;
				GCC_PRECOMPILE_PREFIX_HEADER = YES;
				GCC_PREFIX_HEADER = "Lottery/Lottery-Prefix.pch";
				INFOPLIST_FILE = "Lottery/Lottery-Info.plist";
				PRODUCT_NAME = "$(TARGET_NAME)";
				WRAPPER_EXTENSION = app;
			};
			name = Release;
		};
		5A8BE50B1A2F331700B62D0D /* Debug */ = {
			isa = XCBuildConfiguration;
			buildSettings = {
				BUNDLE_LOADER = "$(BUILT_PRODUCTS_DIR)/Lottery.app/Lottery";
				FRAMEWORK_SEARCH_PATHS = (
					"$(SDKROOT)/Developer/Library/Frameworks",
					"$(inherited)",
					"$(DEVELOPER_FRAMEWORKS_DIR)",
				);
				GCC_PRECOMPILE_PREFIX_HEADER = YES;
				GCC_PREFIX_HEADER = "Lottery/Lottery-Prefix.pch";
				GCC_PREPROCESSOR_DEFINITIONS = (
					"DEBUG=1",
					"$(inherited)",
				);
				INFOPLIST_FILE = "LotteryTests/LotteryTests-Info.plist";
				PRODUCT_NAME = "$(TARGET_NAME)";
				TEST_HOST = "$(BUNDLE_LOADER)";
				WRAPPER_EXTENSION = xctest;
			};
			name = Debug;
		};
		5A8BE50C1A2F331700B62D0D /* Release */ = {
			isa = XCBuildConfiguration;
			buildSettings = {
				BUNDLE_LOADER = "$(BUILT_PRODUCTS_DIR)/Lottery.app/Lottery";
				FRAMEWORK_SEARCH_PATHS = (
					"$(SDKROOT)/Developer/Library/Frameworks",
					"$(inherited)",
					"$(DEVELOPER_FRAMEWORKS_DIR)",
				);
				GCC_PRECOMPILE_PREFIX_HEADER = YES;
				GCC_PREFIX_HEADER = "Lottery/Lottery-Prefix.pch";
				INFOPLIST_FILE = "LotteryTests/LotteryTests-Info.plist";
				PRODUCT_NAME = "$(TARGET_NAME)";
				TEST_HOST = "$(BUNDLE_LOADER)";
				WRAPPER_EXTENSION = xctest;
			};
			name = Release;
		};
/* End XCBuildConfiguration section */

/* Begin XCConfigurationList section */
		5A8BE4D01A2F331700B62D0D /* Build configuration list for PBXProject "Lottery" */ = {
			isa = XCConfigurationList;
			buildConfigurations = (
				5A8BE5051A2F331700B62D0D /* Debug */,
				5A8BE5061A2F331700B62D0D /* Release */,
			);
			defaultConfigurationIsVisible = 0;
			defaultConfigurationName = Release;
		};
		5A8BE5071A2F331700B62D0D /* Build configuration list for PBXNativeTarget "Lottery" */ = {
			isa = XCConfigurationList;
			buildConfigurations = (
				5A8BE5081A2F331700B62D0D /* Debug */,
				5A8BE5091A2F331700B62D0D /* Release */,
			);
			defaultConfigurationIsVisible = 0;
		};
		5A8BE50A1A2F331700B62D0D /* Build configuration list for PBXNativeTarget "LotteryTests" */ = {
			isa = XCConfigurationList;
			buildConfigurations = (
				5A8BE50B1A2F331700B62D0D /* Debug */,
				5A8BE50C1A2F331700B62D0D /* Release */,
			);
			defaultConfigurationIsVisible = 0;
		};
/* End XCConfigurationList section */
	};
	rootObject = 5A8BE4CD1A2F331700B62D0D /* Project object */;
}
